<Solution>
  <Configurations>
    <Platform Name="ARM64" />
    <Platform Name="x64" />
    <Platform Name="x86" />
  </Configurations>
  <Project Path="src/App/App.csproj" Id="6fa8b68c-2255-4d1f-920d-012831a8e473">
    <Platform Solution="*|ARM64" Project="ARM64" />
    <Platform Solution="*|x64" Project="x64" />
    <Platform Solution="*|x86" Project="x86" />
    <Deploy />
  </Project>
  <Project Path="src/Core/Core.csproj" />
  <Project Path="tests/Tests/Tests.csproj" />
</Solution>
